
Microsoft Visual Studio Solution File, Format Version 12.00
# Visual Studio Version 17
VisualStudioVersion = 17.3.32811.315
MinimumVisualStudioVersion = 10.0.40219.1
Project("{888888A0-9F3D-457C-B088-3A5042F75D52}") = "chatbot-tensorflow-v2.0", "chatbot-tensorflow-v2.0.pyproj", "{A6A87C54-93EB-42DB-91EB-34078E312A00}"
EndProject
Project("{9A19103F-16F7-4668-BE54-9A1E7A4F7556}") = "chatbot website", "chatbot website\chatbot website.csproj", "{919D1C02-AB1A-4469-B9A5-0F10A36035F6}"
EndProject
Project("{9A19103F-16F7-4668-BE54-9A1E7A4F7556}") = "PythonInterpreter", "PythonInterpreter\PythonInterpreter.csproj", "{2783B46D-778A-4B0D-AFD1-521F3AB9DCC0}"
EndProject
Global
	GlobalSection(SolutionConfigurationPlatforms) = preSolution
		Debug|Any CPU = Debug|Any CPU
		Release|Any CPU = Release|Any CPU
	EndGlobalSection
	GlobalSection(ProjectConfigurationPlatforms) = postSolution
		{A6A87C54-93EB-42DB-91EB-34078E312A00}.Debug|Any CPU.ActiveCfg = Debug|Any CPU
		{A6A87C54-93EB-42DB-91EB-34078E312A00}.Release|Any CPU.ActiveCfg = Release|Any CPU
		{919D1C02-AB1A-4469-B9A5-0F10A36035F6}.Debug|Any CPU.ActiveCfg = Debug|Any CPU
		{919D1C02-AB1A-4469-B9A5-0F10A36035F6}.Debug|Any CPU.Build.0 = Debug|Any CPU
		{919D1C02-AB1A-4469-B9A5-0F10A36035F6}.Release|Any CPU.ActiveCfg = Release|Any CPU
		{919D1C02-AB1A-4469-B9A5-0F10A36035F6}.Release|Any CPU.Build.0 = Release|Any CPU
		{2783B46D-778A-4B0D-AFD1-521F3AB9DCC0}.Debug|Any CPU.ActiveCfg = Debug|Any CPU
		{2783B46D-778A-4B0D-AFD1-521F3AB9DCC0}.Debug|Any CPU.Build.0 = Debug|Any CPU
		{2783B46D-778A-4B0D-AFD1-521F3AB9DCC0}.Release|Any CPU.ActiveCfg = Release|Any CPU
		{2783B46D-778A-4B0D-AFD1-521F3AB9DCC0}.Release|Any CPU.Build.0 = Release|Any CPU
	EndGlobalSection
	GlobalSection(SolutionProperties) = preSolution
		HideSolutionNode = FALSE
	EndGlobalSection
	GlobalSection(ExtensibilityGlobals) = postSolution
		SolutionGuid = {EFC96758-9DCD-4A20-90C2-9F5B73983E1E}
	EndGlobalSection
EndGlobal
